{
    "_meta": {
        "hash": {
            "sha256": "45458bdd71074baa3a349e4e2358d0985bb60336aa8c3c38a025eaf86eda0b3b"
        },
        "pipfile-spec": 6,
        "requires": {
            "python_version": "3.8"
        },
        "sources": [
            {
                "name": "pypi",
                "url": "https://pypi.org/simple",
                "verify_ssl": true
            }
        ]
    },
    "default": {},
    "develop": {}
}
